
Microsoft Visual Studio Solution File, Format Version 12.00
# Visual Studio Version 17
VisualStudioVersion = 17.5.002.0
MinimumVisualStudioVersion = 10.0.40219.1
Project("{9A19103F-16F7-4668-BE54-9A1E7A4F7556}") = "ContosoPizza", "ContosoPizza.csproj", "{EE6D438B-0AA9-45AE-B885-F942A40CB72B}"
EndProject
Global
	GlobalSection(SolutionConfigurationPlatforms) = preSolution
		Debug|Any CPU = Debug|Any CPU
		Release|Any CPU = Release|Any CPU
	EndGlobalSection
	GlobalSection(ProjectConfigurationPlatforms) = postSolution
		{EE6D438B-0AA9-45AE-B885-F942A40CB72B}.Debug|Any CPU.ActiveCfg = Debug|Any CPU
		{EE6D438B-0AA9-45AE-B885-F942A40CB72B}.Debug|Any CPU.Build.0 = Debug|Any CPU
		{EE6D438B-0AA9-45AE-B885-F942A40CB72B}.Release|Any CPU.ActiveCfg = Release|Any CPU
		{EE6D438B-0AA9-45AE-B885-F942A40CB72B}.Release|Any CPU.Build.0 = Release|Any CPU
	EndGlobalSection
	GlobalSection(SolutionProperties) = preSolution
		HideSolutionNode = FALSE
	EndGlobalSection
	GlobalSection(ExtensibilityGlobals) = postSolution
		SolutionGuid = {C148AF2E-0246-4F9E-A985-8F7B5411F35F}
	EndGlobalSection
EndGlobal
